
Microsoft Visual Studio Solution File, Format Version 12.00
# Visual Studio 15
Project("{FAE04EC0-301F-11D3-BF4B-00C04F79EFBC}") = "Assembly-CSharp", "Assembly-CSharp.csproj", "{38C11CAE-9F7D-EF11-C5E7-CC6A6D4CC541}"
EndProject
Project("{FAE04EC0-301F-11D3-BF4B-00C04F79EFBC}") = "Assembly-CSharp-Editor", "Assembly-CSharp-Editor.csproj", "{79EA66CF-7EFD-8F5D-CC5C-E8F4359A774F}"
EndProject
Global
	GlobalSection(SolutionConfigurationPlatforms) = preSolution
		Debug|Any CPU = Debug|Any CPU
		Release|Any CPU = Release|Any CPU
	EndGlobalSection
	GlobalSection(ProjectConfigurationPlatforms) = postSolution
		{38C11CAE-9F7D-EF11-C5E7-CC6A6D4CC541}.Debug|Any CPU.ActiveCfg = Debug|Any CPU
		{38C11CAE-9F7D-EF11-C5E7-CC6A6D4CC541}.Debug|Any CPU.Build.0 = Debug|Any CPU
		{38C11CAE-9F7D-EF11-C5E7-CC6A6D4CC541}.Release|Any CPU.ActiveCfg = Release|Any CPU
		{38C11CAE-9F7D-EF11-C5E7-CC6A6D4CC541}.Release|Any CPU.Build.0 = Release|Any CPU
		{79EA66CF-7EFD-8F5D-CC5C-E8F4359A774F}.Debug|Any CPU.ActiveCfg = Debug|Any CPU
		{79EA66CF-7EFD-8F5D-CC5C-E8F4359A774F}.Debug|Any CPU.Build.0 = Debug|Any CPU
		{79EA66CF-7EFD-8F5D-CC5C-E8F4359A774F}.Release|Any CPU.ActiveCfg = Release|Any CPU
		{79EA66CF-7EFD-8F5D-CC5C-E8F4359A774F}.Release|Any CPU.Build.0 = Release|Any CPU
	EndGlobalSection
	GlobalSection(SolutionProperties) = preSolution
		HideSolutionNode = FALSE
	EndGlobalSection
EndGlobal
